
Microsoft Visual Studio Solution File, Format Version 12.00
# Visual Studio Version 17
VisualStudioVersion = 17.7.34031.279
MinimumVisualStudioVersion = 10.0.40219.1
Project("{FAE04EC0-301F-11D3-BF4B-00C04F79EFBC}") = "oxyPolarDiagram", "oxyPolarDiagram\oxyPolarDiagram.csproj", "{B39D34E1-33D3-48E9-9750-5808CC76E52C}"
EndProject
Project("{FAE04EC0-301F-11D3-BF4B-00C04F79EFBC}") = "OxyMouseDemo", "OxyMouseDemo\OxyMouseDemo.csproj", "{421D9F2D-20D1-495F-9E83-ED1B2A8442E4}"
EndProject
Project("{FAE04EC0-301F-11D3-BF4B-00C04F79EFBC}") = "OxyAxisDemo", "OxyAxisDemo\OxyAxisDemo.csproj", "{BFAB4026-669D-478F-926F-21544AE7FB51}"
EndProject
Global
	GlobalSection(SolutionConfigurationPlatforms) = preSolution
		Debug|Any CPU = Debug|Any CPU
		Release|Any CPU = Release|Any CPU
	EndGlobalSection
	GlobalSection(ProjectConfigurationPlatforms) = postSolution
		{B39D34E1-33D3-48E9-9750-5808CC76E52C}.Debug|Any CPU.ActiveCfg = Debug|Any CPU
		{B39D34E1-33D3-48E9-9750-5808CC76E52C}.Debug|Any CPU.Build.0 = Debug|Any CPU
		{B39D34E1-33D3-48E9-9750-5808CC76E52C}.Release|Any CPU.ActiveCfg = Release|Any CPU
		{B39D34E1-33D3-48E9-9750-5808CC76E52C}.Release|Any CPU.Build.0 = Release|Any CPU
		{421D9F2D-20D1-495F-9E83-ED1B2A8442E4}.Debug|Any CPU.ActiveCfg = Debug|Any CPU
		{421D9F2D-20D1-495F-9E83-ED1B2A8442E4}.Debug|Any CPU.Build.0 = Debug|Any CPU
		{421D9F2D-20D1-495F-9E83-ED1B2A8442E4}.Release|Any CPU.ActiveCfg = Release|Any CPU
		{421D9F2D-20D1-495F-9E83-ED1B2A8442E4}.Release|Any CPU.Build.0 = Release|Any CPU
		{BFAB4026-669D-478F-926F-21544AE7FB51}.Debug|Any CPU.ActiveCfg = Debug|Any CPU
		{BFAB4026-669D-478F-926F-21544AE7FB51}.Debug|Any CPU.Build.0 = Debug|Any CPU
		{BFAB4026-669D-478F-926F-21544AE7FB51}.Release|Any CPU.ActiveCfg = Release|Any CPU
		{BFAB4026-669D-478F-926F-21544AE7FB51}.Release|Any CPU.Build.0 = Release|Any CPU
	EndGlobalSection
	GlobalSection(SolutionProperties) = preSolution
		HideSolutionNode = FALSE
	EndGlobalSection
	GlobalSection(ExtensibilityGlobals) = postSolution
		SolutionGuid = {287B2706-B3B2-4429-9ACA-393A6751DCE6}
	EndGlobalSection
EndGlobal
